PODS:
  - Alamofire (5.6.2)
  - AnimatedCollectionViewLayout (1.1.0)
  - SnapKit (5.6.0)

DEPENDENCIES:
  - Alamofire
  - AnimatedCollectionViewLayout
  - SnapKit

SPEC REPOS:
  trunk:
    - Alamofire
    - AnimatedCollectionViewLayout
    - SnapKit

SPEC CHECKSUMS:
  Alamofire: d368e1ff8a298e6dde360e35a3e68e6c610e7204
  AnimatedCollectionViewLayout: 0c1a38c4be115c525c887be183fc91ef65737c5d
  SnapKit: e01d52ebb8ddbc333eefe2132acf85c8227d9c25

PODFILE CHECKSUM: 4e48250822d5a586e0aeadd09e877b07217b20ff

COCOAPODS: 1.11.3
