// !$*UTF8*$!
{
	archiveVersion = 1;
	classes = {
	};
	objectVersion = 56;
	objects = {

/* Begin PBXBuildFile section */
		6348B12B291D22FA00648FE1 /* DBManager.swift in Sources */ = {isa = PBXBuildFile; fileRef = 6348B12A291D22FA00648FE1 /* DBManager.swift */; };
		6348B12D291D4FC200648FE1 /* TestInternetConnection.swift in Sources */ = {isa = PBXBuildFile; fileRef = 6348B12C291D4FC200648FE1 /* TestInternetConnection.swift */; };
		6348B131292A89AC00648FE1 /* HeroModelDB.swift in Sources */ = {isa = PBXBuildFile; fileRef = 6348B130292A89AC00648FE1 /* HeroModelDB.swift */; };
		637CE13928F2FB7A00CDD3B9 /* AppDelegate.swift in Sources */ = {isa = PBXBuildFile; fileRef = 637CE13828F2FB7A00CDD3B9 /* AppDelegate.swift */; };
		637CE13B28F2FB7A00CDD3B9 /* SceneDelegate.swift in Sources */ = {isa = PBXBuildFile; fileRef = 637CE13A28F2FB7A00CDD3B9 /* SceneDelegate.swift */; };
		637CE13D28F2FB7A00CDD3B9 /* MainView.swift in Sources */ = {isa = PBXBuildFile; fileRef = 637CE13C28F2FB7A00CDD3B9 /* MainView.swift */; };
		637CE14228F2FB7D00CDD3B9 /* Assets.xcassets in Resources */ = {isa = PBXBuildFile; fileRef = 637CE14128F2FB7D00CDD3B9 /* Assets.xcassets */; };
		637CE14528F2FB7D00CDD3B9 /* LaunchScreen.storyboard in Resources */ = {isa = PBXBuildFile; fileRef = 637CE14328F2FB7D00CDD3B9 /* LaunchScreen.storyboard */; };
		638843D52950C9D400324DE3 /* Colors.xcassets in Resources */ = {isa = PBXBuildFile; fileRef = 638843D42950C9D300324DE3 /* Colors.xcassets */; };
		638843E0295865CA00324DE3 /* String + Localize .swift in Sources */ = {isa = PBXBuildFile; fileRef = 638843DF295865CA00324DE3 /* String + Localize .swift */; };
		638843E32958668A00324DE3 /* Localizable.strings in Resources */ = {isa = PBXBuildFile; fileRef = 638843E52958668A00324DE3 /* Localizable.strings */; };
		63A1D74328F467AE00FA6696 /* GalleryCellView.swift in Sources */ = {isa = PBXBuildFile; fileRef = 63A1D74228F467AE00FA6696 /* GalleryCellView.swift */; };
		63A1D74C28F56E6F00FA6696 /* TriangleView.swift in Sources */ = {isa = PBXBuildFile; fileRef = 63A1D74B28F56E6F00FA6696 /* TriangleView.swift */; };
		63B7FD1828F457C700092C40 /* HeroModel.swift in Sources */ = {isa = PBXBuildFile; fileRef = 63B7FD1728F457C700092C40 /* HeroModel.swift */; };
		63C1E331290A942200F4AAF4 /* DetailsHeroView.swift in Sources */ = {isa = PBXBuildFile; fileRef = 63C1E330290A942200F4AAF4 /* DetailsHeroView.swift */; };
		63D7D073290FCE2000FE0888 /* AnimationController.swift in Sources */ = {isa = PBXBuildFile; fileRef = 63D7D072290FCE2000FE0888 /* AnimationController.swift */; };
		63D7D07A29113DA600FE0888 /* HeroService.swift in Sources */ = {isa = PBXBuildFile; fileRef = 63D7D07929113DA600FE0888 /* HeroService.swift */; };
		63D7D0832911A34600FE0888 /* Date + Timestamp.swift in Sources */ = {isa = PBXBuildFile; fileRef = 63D7D0822911A34600FE0888 /* Date + Timestamp.swift */; };
		63D7D0872911A37700FE0888 /* String + MD5.swift in Sources */ = {isa = PBXBuildFile; fileRef = 63D7D0862911A37700FE0888 /* String + MD5.swift */; };
		63D7D08A2911A3A100FE0888 /* UIImage + Color.swift in Sources */ = {isa = PBXBuildFile; fileRef = 63D7D0892911A3A100FE0888 /* UIImage + Color.swift */; };
		63F0B03C293F643800CC8FDF /* Decodable.swift in Sources */ = {isa = PBXBuildFile; fileRef = 63F0B03B293F643800CC8FDF /* Decodable.swift */; };
		63F0B041293F650100CC8FDF /* MainViewModal.swift in Sources */ = {isa = PBXBuildFile; fileRef = 63F0B040293F650100CC8FDF /* MainViewModal.swift */; };
		63F0B045293F655300CC8FDF /* DetailsHeroViewModal.swift in Sources */ = {isa = PBXBuildFile; fileRef = 63F0B044293F655300CC8FDF /* DetailsHeroViewModal.swift */; };
		B87D9C1C271B1EE195CC1BD5 /* Pods_MarvelApp.framework in Frameworks */ = {isa = PBXBuildFile; fileRef = 263602935E579D64B571C33A /* Pods_MarvelApp.framework */; };
/* End PBXBuildFile section */

/* Begin PBXContainerItemProxy section */
		637CE14C28F2FB7D00CDD3B9 /* PBXContainerItemProxy */ = {
			isa = PBXContainerItemProxy;
			containerPortal = 637CE12D28F2FB7A00CDD3B9 /* Project object */;
			proxyType = 1;
			remoteGlobalIDString = 637CE13428F2FB7A00CDD3B9;
			remoteInfo = MarvelApp;
		};
		637CE15628F2FB7D00CDD3B9 /* PBXContainerItemProxy */ = {
			isa = PBXContainerItemProxy;
			containerPortal = 637CE12D28F2FB7A00CDD3B9 /* Project object */;
			proxyType = 1;
			remoteGlobalIDString = 637CE13428F2FB7A00CDD3B9;
			remoteInfo = MarvelApp;
		};
/* End PBXContainerItemProxy section */

/* Begin PBXFileReference section */
		263602935E579D64B571C33A /* Pods_MarvelApp.framework */ = {isa = PBXFileReference; explicitFileType = wrapper.framework; includeInIndex = 0; path = Pods_MarvelApp.framework; sourceTree = BUILT_PRODUCTS_DIR; };
		6348B12A291D22FA00648FE1 /* DBManager.swift */ = {isa = PBXFileReference; lastKnownFileType = sourcecode.swift; path = DBManager.swift; sourceTree = "<group>"; };
		6348B12C291D4FC200648FE1 /* TestInternetConnection.swift */ = {isa = PBXFileReference; lastKnownFileType = sourcecode.swift; path = TestInternetConnection.swift; sourceTree = "<group>"; };
		6348B130292A89AC00648FE1 /* HeroModelDB.swift */ = {isa = PBXFileReference; lastKnownFileType = sourcecode.swift; path = HeroModelDB.swift; sourceTree = "<group>"; };
		637CE13528F2FB7A00CDD3B9 /* MarvelApp.app */ = {isa = PBXFileReference; explicitFileType = wrapper.application; includeInIndex = 0; path = MarvelApp.app; sourceTree = BUILT_PRODUCTS_DIR; };
		637CE13828F2FB7A00CDD3B9 /* AppDelegate.swift */ = {isa = PBXFileReference; lastKnownFileType = sourcecode.swift; path = AppDelegate.swift; sourceTree = "<group>"; };
		637CE13A28F2FB7A00CDD3B9 /* SceneDelegate.swift */ = {isa = PBXFileReference; lastKnownFileType = sourcecode.swift; path = SceneDelegate.swift; sourceTree = "<group>"; };
		637CE13C28F2FB7A00CDD3B9 /* MainView.swift */ = {isa = PBXFileReference; lastKnownFileType = sourcecode.swift; name = MainView.swift; path = ../../MainView.swift; sourceTree = "<group>"; };
		637CE14128F2FB7D00CDD3B9 /* Assets.xcassets */ = {isa = PBXFileReference; lastKnownFileType = folder.assetcatalog; path = Assets.xcassets; sourceTree = "<group>"; };
		637CE14428F2FB7D00CDD3B9 /* Base */ = {isa = PBXFileReference; lastKnownFileType = file.storyboard; name = Base; path = Base.lproj/LaunchScreen.storyboard; sourceTree = "<group>"; };
		637CE14628F2FB7D00CDD3B9 /* Info.plist */ = {isa = PBXFileReference; lastKnownFileType = text.plist.xml; path = Info.plist; sourceTree = "<group>"; };
		637CE14B28F2FB7D00CDD3B9 /* MarvelAppTests.xctest */ = {isa = PBXFileReference; explicitFileType = wrapper.cfbundle; includeInIndex = 0; path = MarvelAppTests.xctest; sourceTree = BUILT_PRODUCTS_DIR; };
		637CE15528F2FB7D00CDD3B9 /* MarvelAppUITests.xctest */ = {isa = PBXFileReference; explicitFileType = wrapper.cfbundle; includeInIndex = 0; path = MarvelAppUITests.xctest; sourceTree = BUILT_PRODUCTS_DIR; };
		638843D42950C9D300324DE3 /* Colors.xcassets */ = {isa = PBXFileReference; lastKnownFileType = folder.assetcatalog; path = Colors.xcassets; sourceTree = "<group>"; };
		638843DF295865CA00324DE3 /* String + Localize .swift */ = {isa = PBXFileReference; lastKnownFileType = sourcecode.swift; path = "String + Localize .swift"; sourceTree = "<group>"; };
		638843E42958668A00324DE3 /* en */ = {isa = PBXFileReference; lastKnownFileType = text.plist.strings; name = en; path = en.lproj/Localizable.strings; sourceTree = "<group>"; };
		638843E6295866AE00324DE3 /* ru */ = {isa = PBXFileReference; lastKnownFileType = text.plist.strings; name = ru; path = ru.lproj/Localizable.strings; sourceTree = "<group>"; };
		638843FA29586CE100324DE3 /* portrait.png */ = {isa = PBXFileReference; lastKnownFileType = image.png; path = portrait.png; sourceTree = "<group>"; };
		638843FB29586D1000324DE3 /* landscape.png */ = {isa = PBXFileReference; lastKnownFileType = image.png; path = landscape.png; sourceTree = "<group>"; };
		638843FC29586D1000324DE3 /* localize_ru.png */ = {isa = PBXFileReference; lastKnownFileType = image.png; path = localize_ru.png; sourceTree = "<group>"; };
		638843FD29586D1000324DE3 /* light.png */ = {isa = PBXFileReference; lastKnownFileType = image.png; path = light.png; sourceTree = "<group>"; };
		638843FE29586D1000324DE3 /* dark.png */ = {isa = PBXFileReference; lastKnownFileType = image.png; path = dark.png; sourceTree = "<group>"; };
		638843FF29586D1000324DE3 /* main_screen.gif */ = {isa = PBXFileReference; lastKnownFileType = image.gif; path = main_screen.gif; sourceTree = "<group>"; };
		6388440029586D1100324DE3 /* description_screen.gif */ = {isa = PBXFileReference; lastKnownFileType = image.gif; path = description_screen.gif; sourceTree = "<group>"; };
		6388440129586D1100324DE3 /* localize_eng.png */ = {isa = PBXFileReference; lastKnownFileType = image.png; path = localize_eng.png; sourceTree = "<group>"; };
		638844052958788400324DE3 /* loading.gif */ = {isa = PBXFileReference; lastKnownFileType = image.gif; path = loading.gif; sourceTree = "<group>"; };
		63A1D74228F467AE00FA6696 /* GalleryCellView.swift */ = {isa = PBXFileReference; lastKnownFileType = sourcecode.swift; path = GalleryCellView.swift; sourceTree = "<group>"; };
		63A1D74B28F56E6F00FA6696 /* TriangleView.swift */ = {isa = PBXFileReference; lastKnownFileType = sourcecode.swift; path = TriangleView.swift; sourceTree = "<group>"; };
		63B7FD1728F457C700092C40 /* HeroModel.swift */ = {isa = PBXFileReference; lastKnownFileType = sourcecode.swift; path = HeroModel.swift; sourceTree = "<group>"; };
		63C1E330290A942200F4AAF4 /* DetailsHeroView.swift */ = {isa = PBXFileReference; lastKnownFileType = sourcecode.swift; path = DetailsHeroView.swift; sourceTree = "<group>"; };
		63D7D072290FCE2000FE0888 /* AnimationController.swift */ = {isa = PBXFileReference; lastKnownFileType = sourcecode.swift; path = AnimationController.swift; sourceTree = "<group>"; };
		63D7D07929113DA600FE0888 /* HeroService.swift */ = {isa = PBXFileReference; lastKnownFileType = sourcecode.swift; path = HeroService.swift; sourceTree = "<group>"; };
		63D7D0822911A34600FE0888 /* Date + Timestamp.swift */ = {isa = PBXFileReference; lastKnownFileType = sourcecode.swift; path = "Date + Timestamp.swift"; sourceTree = "<group>"; };
		63D7D0862911A37700FE0888 /* String + MD5.swift */ = {isa = PBXFileReference; lastKnownFileType = sourcecode.swift; path = "String + MD5.swift"; sourceTree = "<group>"; };
		63D7D0892911A3A100FE0888 /* UIImage + Color.swift */ = {isa = PBXFileReference; lastKnownFileType = sourcecode.swift; path = "UIImage + Color.swift"; sourceTree = "<group>"; };
		63F0B03B293F643800CC8FDF /* Decodable.swift */ = {isa = PBXFileReference; lastKnownFileType = sourcecode.swift; path = Decodable.swift; sourceTree = "<group>"; };
		63F0B040293F650100CC8FDF /* MainViewModal.swift */ = {isa = PBXFileReference; lastKnownFileType = sourcecode.swift; path = MainViewModal.swift; sourceTree = "<group>"; };
		63F0B044293F655300CC8FDF /* DetailsHeroViewModal.swift */ = {isa = PBXFileReference; lastKnownFileType = sourcecode.swift; path = DetailsHeroViewModal.swift; sourceTree = "<group>"; };
		6738E58F4749604CBBFC45F8 /* Pods-MarvelApp.release.xcconfig */ = {isa = PBXFileReference; includeInIndex = 1; lastKnownFileType = text.xcconfig; name = "Pods-MarvelApp.release.xcconfig"; path = "Target Support Files/Pods-MarvelApp/Pods-MarvelApp.release.xcconfig"; sourceTree = "<group>"; };
		7F4FE13868CE27E97B529DF1 /* Pods-MarvelApp.debug.xcconfig */ = {isa = PBXFileReference; includeInIndex = 1; lastKnownFileType = text.xcconfig; name = "Pods-MarvelApp.debug.xcconfig"; path = "Target Support Files/Pods-MarvelApp/Pods-MarvelApp.debug.xcconfig"; sourceTree = "<group>"; };
/* End PBXFileReference section */

/* Begin PBXFrameworksBuildPhase section */
		637CE13228F2FB7A00CDD3B9 /* Frameworks */ = {
			isa = PBXFrameworksBuildPhase;
			buildActionMask = 2147483647;
			files = (
				B87D9C1C271B1EE195CC1BD5 /* Pods_MarvelApp.framework in Frameworks */,
			);
			runOnlyForDeploymentPostprocessing = 0;
		};
		637CE14828F2FB7D00CDD3B9 /* Frameworks */ = {
			isa = PBXFrameworksBuildPhase;
			buildActionMask = 2147483647;
			files = (
			);
			runOnlyForDeploymentPostprocessing = 0;
		};
		637CE15228F2FB7D00CDD3B9 /* Frameworks */ = {
			isa = PBXFrameworksBuildPhase;
			buildActionMask = 2147483647;
			files = (
			);
			runOnlyForDeploymentPostprocessing = 0;
		};
/* End PBXFrameworksBuildPhase section */

/* Begin PBXGroup section */
		417129C27BA14D8FDD031803 /* Frameworks */ = {
			isa = PBXGroup;
			children = (
				263602935E579D64B571C33A /* Pods_MarvelApp.framework */,
			);
			name = Frameworks;
			sourceTree = "<group>";
		};
		637CE12C28F2FB7A00CDD3B9 = {
			isa = PBXGroup;
			children = (
				637CE13728F2FB7A00CDD3B9 /* MarvelApp */,
				637CE13628F2FB7A00CDD3B9 /* Products */,
				ABC99B509D2C9F923D746F6C /* Pods */,
				417129C27BA14D8FDD031803 /* Frameworks */,
			);
			sourceTree = "<group>";
		};
		637CE13628F2FB7A00CDD3B9 /* Products */ = {
			isa = PBXGroup;
			children = (
				637CE13528F2FB7A00CDD3B9 /* MarvelApp.app */,
				637CE14B28F2FB7D00CDD3B9 /* MarvelAppTests.xctest */,
				637CE15528F2FB7D00CDD3B9 /* MarvelAppUITests.xctest */,
			);
			name = Products;
			sourceTree = "<group>";
		};
		637CE13728F2FB7A00CDD3B9 /* MarvelApp */ = {
			isa = PBXGroup;
			children = (
				63D7D07E2911487E00FE0888 /* App */,
				63F0B038293F637E00CC8FDF /* Resources */,
				63F0B039293F63B200CC8FDF /* Models */,
				63F0B046293F656D00CC8FDF /* Screens */,
				637CE14628F2FB7D00CDD3B9 /* Info.plist */,
			);
			path = MarvelApp;
			sourceTree = "<group>";
		};
		638843E729586B9700324DE3 /* Screenshots */ = {
			isa = PBXGroup;
			children = (
				638843FE29586D1000324DE3 /* dark.png */,
				6388440029586D1100324DE3 /* description_screen.gif */,
				638843FF29586D1000324DE3 /* main_screen.gif */,
				638843FB29586D1000324DE3 /* landscape.png */,
				638844052958788400324DE3 /* loading.gif */,
				638843FD29586D1000324DE3 /* light.png */,
				6388440129586D1100324DE3 /* localize_eng.png */,
				638843FC29586D1000324DE3 /* localize_ru.png */,
				638843FA29586CE100324DE3 /* portrait.png */,
			);
			path = Screenshots;
			sourceTree = "<group>";
		};
		63D7D07729113D4100FE0888 /* Service */ = {
			isa = PBXGroup;
			children = (
				63F0B03B293F643800CC8FDF /* Decodable.swift */,
				63D7D07929113DA600FE0888 /* HeroService.swift */,
			);
			path = Service;
			sourceTree = "<group>";
		};
		63D7D07E2911487E00FE0888 /* App */ = {
			isa = PBXGroup;
			children = (
				63D7D07F2911489300FE0888 /* Extensions */,
				637CE13828F2FB7A00CDD3B9 /* AppDelegate.swift */,
				637CE13A28F2FB7A00CDD3B9 /* SceneDelegate.swift */,
				63D7D072290FCE2000FE0888 /* AnimationController.swift */,
			);
			path = App;
			sourceTree = "<group>";
		};
		63D7D07F2911489300FE0888 /* Extensions */ = {
			isa = PBXGroup;
			children = (
				63D7D0822911A34600FE0888 /* Date + Timestamp.swift */,
				63D7D0862911A37700FE0888 /* String + MD5.swift */,
				638843DF295865CA00324DE3 /* String + Localize .swift */,
				63D7D0892911A3A100FE0888 /* UIImage + Color.swift */,
			);
			path = Extensions;
			sourceTree = "<group>";
		};
		63F0B038293F637E00CC8FDF /* Resources */ = {
			isa = PBXGroup;
			children = (
				638843E729586B9700324DE3 /* Screenshots */,
				638843D42950C9D300324DE3 /* Colors.xcassets */,
				637CE14128F2FB7D00CDD3B9 /* Assets.xcassets */,
				638843E52958668A00324DE3 /* Localizable.strings */,
				637CE14328F2FB7D00CDD3B9 /* LaunchScreen.storyboard */,
			);
			path = Resources;
			sourceTree = "<group>";
		};
		63F0B039293F63B200CC8FDF /* Models */ = {
			isa = PBXGroup;
			children = (
				63F0B03A293F63C500CC8FDF /* Database */,
				63D7D07729113D4100FE0888 /* Service */,
				63B7FD1728F457C700092C40 /* HeroModel.swift */,
				6348B130292A89AC00648FE1 /* HeroModelDB.swift */,
			);
			path = Models;
			sourceTree = "<group>";
		};
		63F0B03A293F63C500CC8FDF /* Database */ = {
			isa = PBXGroup;
			children = (
				6348B12A291D22FA00648FE1 /* DBManager.swift */,
				6348B12C291D4FC200648FE1 /* TestInternetConnection.swift */,
			);
			path = Database;
			sourceTree = "<group>";
		};
		63F0B046293F656D00CC8FDF /* Screens */ = {
			isa = PBXGroup;
			children = (
				63F0B047293F657400CC8FDF /* MainScreen */,
				63F0B048293F657A00CC8FDF /* DetailScreen */,
			);
			path = Screens;
			sourceTree = "<group>";
		};
		63F0B047293F657400CC8FDF /* MainScreen */ = {
			isa = PBXGroup;
			children = (
				637CE13C28F2FB7A00CDD3B9 /* MainView.swift */,
				63F0B040293F650100CC8FDF /* MainViewModal.swift */,
				63A1D74228F467AE00FA6696 /* GalleryCellView.swift */,
				63A1D74B28F56E6F00FA6696 /* TriangleView.swift */,
			);
			path = MainScreen;
			sourceTree = "<group>";
		};
		63F0B048293F657A00CC8FDF /* DetailScreen */ = {
			isa = PBXGroup;
			children = (
				63C1E330290A942200F4AAF4 /* DetailsHeroView.swift */,
				63F0B044293F655300CC8FDF /* DetailsHeroViewModal.swift */,
			);
			path = DetailScreen;
			sourceTree = "<group>";
		};
		ABC99B509D2C9F923D746F6C /* Pods */ = {
			isa = PBXGroup;
			children = (
				7F4FE13868CE27E97B529DF1 /* Pods-MarvelApp.debug.xcconfig */,
				6738E58F4749604CBBFC45F8 /* Pods-MarvelApp.release.xcconfig */,
			);
			path = Pods;
			sourceTree = "<group>";
		};
/* End PBXGroup section */

/* Begin PBXNativeTarget section */
		637CE13428F2FB7A00CDD3B9 /* MarvelApp */ = {
			isa = PBXNativeTarget;
			buildConfigurationList = 637CE15F28F2FB7D00CDD3B9 /* Build configuration list for PBXNativeTarget "MarvelApp" */;
			buildPhases = (
				C89776402EA58C3D69B33D96 /* [CP] Check Pods Manifest.lock */,
				63C1E334290B97F200F4AAF4 /* Swiftlint */,
				637CE13128F2FB7A00CDD3B9 /* Sources */,
				637CE13228F2FB7A00CDD3B9 /* Frameworks */,
				637CE13328F2FB7A00CDD3B9 /* Resources */,
				A403B9F5589F59481BD13AB7 /* [CP] Embed Pods Frameworks */,
			);
			buildRules = (
			);
			dependencies = (
			);
			name = MarvelApp;
			productName = MarvelApp;
			productReference = 637CE13528F2FB7A00CDD3B9 /* MarvelApp.app */;
			productType = "com.apple.product-type.application";
		};
		637CE14A28F2FB7D00CDD3B9 /* MarvelAppTests */ = {
			isa = PBXNativeTarget;
			buildConfigurationList = 637CE16228F2FB7D00CDD3B9 /* Build configuration list for PBXNativeTarget "MarvelAppTests" */;
			buildPhases = (
				637CE14728F2FB7D00CDD3B9 /* Sources */,
				637CE14828F2FB7D00CDD3B9 /* Frameworks */,
				637CE14928F2FB7D00CDD3B9 /* Resources */,
			);
			buildRules = (
			);
			dependencies = (
				637CE14D28F2FB7D00CDD3B9 /* PBXTargetDependency */,
			);
			name = MarvelAppTests;
			productName = MarvelAppTests;
			productReference = 637CE14B28F2FB7D00CDD3B9 /* MarvelAppTests.xctest */;
			productType = "com.apple.product-type.bundle.unit-test";
		};
		637CE15428F2FB7D00CDD3B9 /* MarvelAppUITests */ = {
			isa = PBXNativeTarget;
			buildConfigurationList = 637CE16528F2FB7D00CDD3B9 /* Build configuration list for PBXNativeTarget "MarvelAppUITests" */;
			buildPhases = (
				637CE15128F2FB7D00CDD3B9 /* Sources */,
				637CE15228F2FB7D00CDD3B9 /* Frameworks */,
				637CE15328F2FB7D00CDD3B9 /* Resources */,
			);
			buildRules = (
			);
			dependencies = (
				637CE15728F2FB7D00CDD3B9 /* PBXTargetDependency */,
			);
			name = MarvelAppUITests;
			productName = MarvelAppUITests;
			productReference = 637CE15528F2FB7D00CDD3B9 /* MarvelAppUITests.xctest */;
			productType = "com.apple.product-type.bundle.ui-testing";
		};
/* End PBXNativeTarget section */

/* Begin PBXProject section */
		637CE12D28F2FB7A00CDD3B9 /* Project object */ = {
			isa = PBXProject;
			attributes = {
				BuildIndependentTargetsInParallel = 1;
				LastSwiftUpdateCheck = 1400;
				LastUpgradeCheck = 1400;
				TargetAttributes = {
					637CE13428F2FB7A00CDD3B9 = {
						CreatedOnToolsVersion = 14.0;
					};
					637CE14A28F2FB7D00CDD3B9 = {
						CreatedOnToolsVersion = 14.0;
						TestTargetID = 637CE13428F2FB7A00CDD3B9;
					};
					637CE15428F2FB7D00CDD3B9 = {
						CreatedOnToolsVersion = 14.0;
						TestTargetID = 637CE13428F2FB7A00CDD3B9;
					};
				};
			};
			buildConfigurationList = 637CE13028F2FB7A00CDD3B9 /* Build configuration list for PBXProject "MarvelApp" */;
			compatibilityVersion = "Xcode 14.0";
			developmentRegion = en;
			hasScannedForEncodings = 0;
			knownRegions = (
				en,
				Base,
				ru,
			);
			mainGroup = 637CE12C28F2FB7A00CDD3B9;
			productRefGroup = 637CE13628F2FB7A00CDD3B9 /* Products */;
			projectDirPath = "";
			projectRoot = "";
			targets = (
				637CE13428F2FB7A00CDD3B9 /* MarvelApp */,
				637CE14A28F2FB7D00CDD3B9 /* MarvelAppTests */,
				637CE15428F2FB7D00CDD3B9 /* MarvelAppUITests */,
			);
		};
/* End PBXProject section */

/* Begin PBXResourcesBuildPhase section */
		637CE13328F2FB7A00CDD3B9 /* Resources */ = {
			isa = PBXResourcesBuildPhase;
			buildActionMask = 2147483647;
			files = (
				638843D52950C9D400324DE3 /* Colors.xcassets in Resources */,
				638843E32958668A00324DE3 /* Localizable.strings in Resources */,
				637CE14528F2FB7D00CDD3B9 /* LaunchScreen.storyboard in Resources */,
				637CE14228F2FB7D00CDD3B9 /* Assets.xcassets in Resources */,
			);
			runOnlyForDeploymentPostprocessing = 0;
		};
		637CE14928F2FB7D00CDD3B9 /* Resources */ = {
			isa = PBXResourcesBuildPhase;
			buildActionMask = 2147483647;
			files = (
			);
			runOnlyForDeploymentPostprocessing = 0;
		};
		637CE15328F2FB7D00CDD3B9 /* Resources */ = {
			isa = PBXResourcesBuildPhase;
			buildActionMask = 2147483647;
			files = (
			);
			runOnlyForDeploymentPostprocessing = 0;
		};
/* End PBXResourcesBuildPhase section */

/* Begin PBXShellScriptBuildPhase section */
		63C1E334290B97F200F4AAF4 /* Swiftlint */ = {
			isa = PBXShellScriptBuildPhase;
			alwaysOutOfDate = 1;
			buildActionMask = 2147483647;
			files = (
			);
			inputFileListPaths = (
			);
			inputPaths = (
			);
			name = Swiftlint;
			outputFileListPaths = (
			);
			outputPaths = (
			);
			runOnlyForDeploymentPostprocessing = 0;
			shellPath = /bin/sh;
			shellScript = "SwiftLintPath=\"${PROJECT_DIR}/Pods/SwiftLint/\"\necho $SwiftLintPath\n${SwiftLintPath}/swiftlint\n";
		};
		A403B9F5589F59481BD13AB7 /* [CP] Embed Pods Frameworks */ = {
			isa = PBXShellScriptBuildPhase;
			buildActionMask = 2147483647;
			files = (
			);
			inputFileListPaths = (
				"${PODS_ROOT}/Target Support Files/Pods-MarvelApp/Pods-MarvelApp-frameworks-${CONFIGURATION}-input-files.xcfilelist",
			);
			name = "[CP] Embed Pods Frameworks";
			outputFileListPaths = (
				"${PODS_ROOT}/Target Support Files/Pods-MarvelApp/Pods-MarvelApp-frameworks-${CONFIGURATION}-output-files.xcfilelist",
			);
			runOnlyForDeploymentPostprocessing = 0;
			shellPath = /bin/sh;
			shellScript = "\"${PODS_ROOT}/Target Support Files/Pods-MarvelApp/Pods-MarvelApp-frameworks.sh\"\n";
			showEnvVarsInLog = 0;
		};
		C89776402EA58C3D69B33D96 /* [CP] Check Pods Manifest.lock */ = {
			isa = PBXShellScriptBuildPhase;
			buildActionMask = 2147483647;
			files = (
			);
			inputFileListPaths = (
			);
			inputPaths = (
				"${PODS_PODFILE_DIR_PATH}/Podfile.lock",
				"${PODS_ROOT}/Manifest.lock",
			);
			name = "[CP] Check Pods Manifest.lock";
			outputFileListPaths = (
			);
			outputPaths = (
				"$(DERIVED_FILE_DIR)/Pods-MarvelApp-checkManifestLockResult.txt",
			);
			runOnlyForDeploymentPostprocessing = 0;
			shellPath = /bin/sh;
			shellScript = "diff \"${PODS_PODFILE_DIR_PATH}/Podfile.lock\" \"${PODS_ROOT}/Manifest.lock\" > /dev/null\nif [ $? != 0 ] ; then\n    # print error to STDERR\n    echo \"error: The sandbox is not in sync with the Podfile.lock. Run 'pod install' or update your CocoaPods installation.\" >&2\n    exit 1\nfi\n# This output is used by Xcode 'outputs' to avoid re-running this script phase.\necho \"SUCCESS\" > \"${SCRIPT_OUTPUT_FILE_0}\"\n";
			showEnvVarsInLog = 0;
		};
/* End PBXShellScriptBuildPhase section */

/* Begin PBXSourcesBuildPhase section */
		637CE13128F2FB7A00CDD3B9 /* Sources */ = {
			isa = PBXSourcesBuildPhase;
			buildActionMask = 2147483647;
			files = (
				63D7D073290FCE2000FE0888 /* AnimationController.swift in Sources */,
				6348B131292A89AC00648FE1 /* HeroModelDB.swift in Sources */,
				63A1D74C28F56E6F00FA6696 /* TriangleView.swift in Sources */,
				637CE13D28F2FB7A00CDD3B9 /* MainView.swift in Sources */,
				63A1D74328F467AE00FA6696 /* GalleryCellView.swift in Sources */,
				63B7FD1828F457C700092C40 /* HeroModel.swift in Sources */,
				63D7D07A29113DA600FE0888 /* HeroService.swift in Sources */,
				63D7D0832911A34600FE0888 /* Date + Timestamp.swift in Sources */,
				63D7D08A2911A3A100FE0888 /* UIImage + Color.swift in Sources */,
				63F0B041293F650100CC8FDF /* MainViewModal.swift in Sources */,
				63D7D0872911A37700FE0888 /* String + MD5.swift in Sources */,
				637CE13928F2FB7A00CDD3B9 /* AppDelegate.swift in Sources */,
				6348B12D291D4FC200648FE1 /* TestInternetConnection.swift in Sources */,
				63F0B03C293F643800CC8FDF /* Decodable.swift in Sources */,
				638843E0295865CA00324DE3 /* String + Localize .swift in Sources */,
				637CE13B28F2FB7A00CDD3B9 /* SceneDelegate.swift in Sources */,
				63C1E331290A942200F4AAF4 /* DetailsHeroView.swift in Sources */,
				6348B12B291D22FA00648FE1 /* DBManager.swift in Sources */,
				63F0B045293F655300CC8FDF /* DetailsHeroViewModal.swift in Sources */,
			);
			runOnlyForDeploymentPostprocessing = 0;
		};
		637CE14728F2FB7D00CDD3B9 /* Sources */ = {
			isa = PBXSourcesBuildPhase;
			buildActionMask = 2147483647;
			files = (
			);
			runOnlyForDeploymentPostprocessing = 0;
		};
		637CE15128F2FB7D00CDD3B9 /* Sources */ = {
			isa = PBXSourcesBuildPhase;
			buildActionMask = 2147483647;
			files = (
			);
			runOnlyForDeploymentPostprocessing = 0;
		};
/* End PBXSourcesBuildPhase section */

/* Begin PBXTargetDependency section */
		637CE14D28F2FB7D00CDD3B9 /* PBXTargetDependency */ = {
			isa = PBXTargetDependency;
			target = 637CE13428F2FB7A00CDD3B9 /* MarvelApp */;
			targetProxy = 637CE14C28F2FB7D00CDD3B9 /* PBXContainerItemProxy */;
		};
		637CE15728F2FB7D00CDD3B9 /* PBXTargetDependency */ = {
			isa = PBXTargetDependency;
			target = 637CE13428F2FB7A00CDD3B9 /* MarvelApp */;
			targetProxy = 637CE15628F2FB7D00CDD3B9 /* PBXContainerItemProxy */;
		};
/* End PBXTargetDependency section */

/* Begin PBXVariantGroup section */
		637CE14328F2FB7D00CDD3B9 /* LaunchScreen.storyboard */ = {
			isa = PBXVariantGroup;
			children = (
				637CE14428F2FB7D00CDD3B9 /* Base */,
			);
			name = LaunchScreen.storyboard;
			sourceTree = "<group>";
		};
		638843E52958668A00324DE3 /* Localizable.strings */ = {
			isa = PBXVariantGroup;
			children = (
				638843E42958668A00324DE3 /* en */,
				638843E6295866AE00324DE3 /* ru */,
			);
			name = Localizable.strings;
			sourceTree = "<group>";
		};
/* End PBXVariantGroup section */

/* Begin XCBuildConfiguration section */
		637CE15D28F2FB7D00CDD3B9 /* Debug */ = {
			isa = XCBuildConfiguration;
			buildSettings = {
				ALWAYS_SEARCH_USER_PATHS = NO;
				CLANG_ANALYZER_LOCALIZABILITY_NONLOCALIZED = YES;
				CLANG_ANALYZER_NONNULL = YES;
				CLANG_ANALYZER_NUMBER_OBJECT_CONVERSION = YES_AGGRESSIVE;
				CLANG_CXX_LANGUAGE_STANDARD = "gnu++20";
				CLANG_ENABLE_MODULES = YES;
				CLANG_ENABLE_OBJC_ARC = YES;
				CLANG_ENABLE_OBJC_WEAK = YES;
				CLANG_WARN_BLOCK_CAPTURE_AUTORELEASING = YES;
				CLANG_WARN_BOOL_CONVERSION = YES;
				CLANG_WARN_COMMA = YES;
				CLANG_WARN_CONSTANT_CONVERSION = YES;
				CLANG_WARN_DEPRECATED_OBJC_IMPLEMENTATIONS = YES;
				CLANG_WARN_DIRECT_OBJC_ISA_USAGE = YES_ERROR;
				CLANG_WARN_DOCUMENTATION_COMMENTS = YES;
				CLANG_WARN_EMPTY_BODY = YES;
				CLANG_WARN_ENUM_CONVERSION = YES;
				CLANG_WARN_INFINITE_RECURSION = YES;
				CLANG_WARN_INT_CONVERSION = YES;
				CLANG_WARN_NON_LITERAL_NULL_CONVERSION = YES;
				CLANG_WARN_OBJC_IMPLICIT_RETAIN_SELF = YES;
				CLANG_WARN_OBJC_LITERAL_CONVERSION = YES;
				CLANG_WARN_OBJC_ROOT_CLASS = YES_ERROR;
				CLANG_WARN_QUOTED_INCLUDE_IN_FRAMEWORK_HEADER = YES;
				CLANG_WARN_RANGE_LOOP_ANALYSIS = YES;
				CLANG_WARN_STRICT_PROTOTYPES = YES;
				CLANG_WARN_SUSPICIOUS_MOVE = YES;
				CLANG_WARN_UNGUARDED_AVAILABILITY = YES_AGGRESSIVE;
				CLANG_WARN_UNREACHABLE_CODE = YES;
				CLANG_WARN__DUPLICATE_METHOD_MATCH = YES;
				COPY_PHASE_STRIP = NO;
				DEBUG_INFORMATION_FORMAT = dwarf;
				ENABLE_STRICT_OBJC_MSGSEND = YES;
				ENABLE_TESTABILITY = YES;
				GCC_C_LANGUAGE_STANDARD = gnu11;
				GCC_DYNAMIC_NO_PIC = NO;
				GCC_NO_COMMON_BLOCKS = YES;
				GCC_OPTIMIZATION_LEVEL = 0;
				GCC_PREPROCESSOR_DEFINITIONS = (
					"DEBUG=1",
					"$(inherited)",
				);
				GCC_WARN_64_TO_32_BIT_CONVERSION = YES;
				GCC_WARN_ABOUT_RETURN_TYPE = YES_ERROR;
				GCC_WARN_UNDECLARED_SELECTOR = YES;
				GCC_WARN_UNINITIALIZED_AUTOS = YES_AGGRESSIVE;
				GCC_WARN_UNUSED_FUNCTION = YES;
				GCC_WARN_UNUSED_VARIABLE = YES;
				IPHONEOS_DEPLOYMENT_TARGET = 16.0;
				MTL_ENABLE_DEBUG_INFO = INCLUDE_SOURCE;
				MTL_FAST_MATH = YES;
				ONLY_ACTIVE_ARCH = YES;
				SDKROOT = iphoneos;
				SWIFT_ACTIVE_COMPILATION_CONDITIONS = DEBUG;
				SWIFT_OPTIMIZATION_LEVEL = "-Onone";
			};
			name = Debug;
		};
		637CE15E28F2FB7D00CDD3B9 /* Release */ = {
			isa = XCBuildConfiguration;
			buildSettings = {
				ALWAYS_SEARCH_USER_PATHS = NO;
				CLANG_ANALYZER_LOCALIZABILITY_NONLOCALIZED = YES;
				CLANG_ANALYZER_NONNULL = YES;
				CLANG_ANALYZER_NUMBER_OBJECT_CONVERSION = YES_AGGRESSIVE;
				CLANG_CXX_LANGUAGE_STANDARD = "gnu++20";
				CLANG_ENABLE_MODULES = YES;
				CLANG_ENABLE_OBJC_ARC = YES;
				CLANG_ENABLE_OBJC_WEAK = YES;
				CLANG_WARN_BLOCK_CAPTURE_AUTORELEASING = YES;
				CLANG_WARN_BOOL_CONVERSION = YES;
				CLANG_WARN_COMMA = YES;
				CLANG_WARN_CONSTANT_CONVERSION = YES;
				CLANG_WARN_DEPRECATED_OBJC_IMPLEMENTATIONS = YES;
				CLANG_WARN_DIRECT_OBJC_ISA_USAGE = YES_ERROR;
				CLANG_WARN_DOCUMENTATION_COMMENTS = YES;
				CLANG_WARN_EMPTY_BODY = YES;
				CLANG_WARN_ENUM_CONVERSION = YES;
				CLANG_WARN_INFINITE_RECURSION = YES;
				CLANG_WARN_INT_CONVERSION = YES;
				CLANG_WARN_NON_LITERAL_NULL_CONVERSION = YES;
				CLANG_WARN_OBJC_IMPLICIT_RETAIN_SELF = YES;
				CLANG_WARN_OBJC_LITERAL_CONVERSION = YES;
				CLANG_WARN_OBJC_ROOT_CLASS = YES_ERROR;
				CLANG_WARN_QUOTED_INCLUDE_IN_FRAMEWORK_HEADER = YES;
				CLANG_WARN_RANGE_LOOP_ANALYSIS = YES;
				CLANG_WARN_STRICT_PROTOTYPES = YES;
				CLANG_WARN_SUSPICIOUS_MOVE = YES;
				CLANG_WARN_UNGUARDED_AVAILABILITY = YES_AGGRESSIVE;
				CLANG_WARN_UNREACHABLE_CODE = YES;
				CLANG_WARN__DUPLICATE_METHOD_MATCH = YES;
				COPY_PHASE_STRIP = NO;
				DEBUG_INFORMATION_FORMAT = "dwarf-with-dsym";
				ENABLE_NS_ASSERTIONS = NO;
				ENABLE_STRICT_OBJC_MSGSEND = YES;
				GCC_C_LANGUAGE_STANDARD = gnu11;
				GCC_NO_COMMON_BLOCKS = YES;
				GCC_WARN_64_TO_32_BIT_CONVERSION = YES;
				GCC_WARN_ABOUT_RETURN_TYPE = YES_ERROR;
				GCC_WARN_UNDECLARED_SELECTOR = YES;
				GCC_WARN_UNINITIALIZED_AUTOS = YES_AGGRESSIVE;
				GCC_WARN_UNUSED_FUNCTION = YES;
				GCC_WARN_UNUSED_VARIABLE = YES;
				IPHONEOS_DEPLOYMENT_TARGET = 16.0;
				MTL_ENABLE_DEBUG_INFO = NO;
				MTL_FAST_MATH = YES;
				SDKROOT = iphoneos;
				SWIFT_COMPILATION_MODE = wholemodule;
				SWIFT_OPTIMIZATION_LEVEL = "-O";
				VALIDATE_PRODUCT = YES;
			};
			name = Release;
		};
		637CE16028F2FB7D00CDD3B9 /* Debug */ = {
			isa = XCBuildConfiguration;
			baseConfigurationReference = 7F4FE13868CE27E97B529DF1 /* Pods-MarvelApp.debug.xcconfig */;
			buildSettings = {
				ASSETCATALOG_COMPILER_APPICON_NAME = AppIcon;
				ASSETCATALOG_COMPILER_GLOBAL_ACCENT_COLOR_NAME = AccentColor;
				CODE_SIGN_STYLE = Automatic;
				CURRENT_PROJECT_VERSION = 1;
				DEVELOPMENT_TEAM = 4S3BK8K299;
				GENERATE_INFOPLIST_FILE = YES;
				INFOPLIST_FILE = MarvelApp/Info.plist;
				INFOPLIST_KEY_LSApplicationCategoryType = "";
				INFOPLIST_KEY_UIApplicationSupportsIndirectInputEvents = YES;
				INFOPLIST_KEY_UILaunchStoryboardName = LaunchScreen;
				INFOPLIST_KEY_UIMainStoryboardFile = "";
				INFOPLIST_KEY_UISupportedInterfaceOrientations = "UIInterfaceOrientationLandscapeLeft UIInterfaceOrientationPortrait";
				INFOPLIST_KEY_UISupportedInterfaceOrientations_iPad = "UIInterfaceOrientationLandscapeLeft UIInterfaceOrientationLandscapeRight UIInterfaceOrientationPortrait UIInterfaceOrientationPortraitUpsideDown";
				LD_RUNPATH_SEARCH_PATHS = (
					"$(inherited)",
					"@executable_path/Frameworks",
				);
				MARKETING_VERSION = 1.0;
				PRODUCT_BUNDLE_IDENTIFIER = com.effectiveband.MarvelApp;
				PRODUCT_NAME = "$(TARGET_NAME)";
				SWIFT_EMIT_LOC_STRINGS = YES;
				SWIFT_VERSION = 5.0;
				TARGETED_DEVICE_FAMILY = "1,2";
			};
			name = Debug;
		};
		637CE16128F2FB7D00CDD3B9 /* Release */ = {
			isa = XCBuildConfiguration;
			baseConfigurationReference = 6738E58F4749604CBBFC45F8 /* Pods-MarvelApp.release.xcconfig */;
			buildSettings = {
				ASSETCATALOG_COMPILER_APPICON_NAME = AppIcon;
				ASSETCATALOG_COMPILER_GLOBAL_ACCENT_COLOR_NAME = AccentColor;
				CODE_SIGN_STYLE = Automatic;
				CURRENT_PROJECT_VERSION = 1;
				DEVELOPMENT_TEAM = 4S3BK8K299;
				GENERATE_INFOPLIST_FILE = YES;
				INFOPLIST_FILE = MarvelApp/Info.plist;
				INFOPLIST_KEY_LSApplicationCategoryType = "";
				INFOPLIST_KEY_UIApplicationSupportsIndirectInputEvents = YES;
				INFOPLIST_KEY_UILaunchStoryboardName = LaunchScreen;
				INFOPLIST_KEY_UIMainStoryboardFile = "";
				INFOPLIST_KEY_UISupportedInterfaceOrientations = "UIInterfaceOrientationLandscapeLeft UIInterfaceOrientationPortrait";
				INFOPLIST_KEY_UISupportedInterfaceOrientations_iPad = "UIInterfaceOrientationLandscapeLeft UIInterfaceOrientationLandscapeRight UIInterfaceOrientationPortrait UIInterfaceOrientationPortraitUpsideDown";
				LD_RUNPATH_SEARCH_PATHS = (
					"$(inherited)",
					"@executable_path/Frameworks",
				);
				MARKETING_VERSION = 1.0;
				PRODUCT_BUNDLE_IDENTIFIER = com.effectiveband.MarvelApp;
				PRODUCT_NAME = "$(TARGET_NAME)";
				SWIFT_EMIT_LOC_STRINGS = YES;
				SWIFT_VERSION = 5.0;
				TARGETED_DEVICE_FAMILY = "1,2";
			};
			name = Release;
		};
		637CE16328F2FB7D00CDD3B9 /* Debug */ = {
			isa = XCBuildConfiguration;
			buildSettings = {
				ALWAYS_EMBED_SWIFT_STANDARD_LIBRARIES = YES;
				BUNDLE_LOADER = "$(TEST_HOST)";
				CODE_SIGN_STYLE = Automatic;
				CURRENT_PROJECT_VERSION = 1;
				DEVELOPMENT_TEAM = 4S3BK8K299;
				GENERATE_INFOPLIST_FILE = YES;
				IPHONEOS_DEPLOYMENT_TARGET = 16.0;
				MARKETING_VERSION = 1.0;
				PRODUCT_BUNDLE_IDENTIFIER = com.effectiveband.MarvelAppTests;
				PRODUCT_NAME = "$(TARGET_NAME)";
				SWIFT_EMIT_LOC_STRINGS = NO;
				SWIFT_VERSION = 5.0;
				TARGETED_DEVICE_FAMILY = "1,2";
				TEST_HOST = "$(BUILT_PRODUCTS_DIR)/MarvelApp.app/$(BUNDLE_EXECUTABLE_FOLDER_PATH)/MarvelApp";
			};
			name = Debug;
		};
		637CE16428F2FB7D00CDD3B9 /* Release */ = {
			isa = XCBuildConfiguration;
			buildSettings = {
				ALWAYS_EMBED_SWIFT_STANDARD_LIBRARIES = YES;
				BUNDLE_LOADER = "$(TEST_HOST)";
				CODE_SIGN_STYLE = Automatic;
				CURRENT_PROJECT_VERSION = 1;
				DEVELOPMENT_TEAM = 4S3BK8K299;
				GENERATE_INFOPLIST_FILE = YES;
				IPHONEOS_DEPLOYMENT_TARGET = 16.0;
				MARKETING_VERSION = 1.0;
				PRODUCT_BUNDLE_IDENTIFIER = com.effectiveband.MarvelAppTests;
				PRODUCT_NAME = "$(TARGET_NAME)";
				SWIFT_EMIT_LOC_STRINGS = NO;
				SWIFT_VERSION = 5.0;
				TARGETED_DEVICE_FAMILY = "1,2";
				TEST_HOST = "$(BUILT_PRODUCTS_DIR)/MarvelApp.app/$(BUNDLE_EXECUTABLE_FOLDER_PATH)/MarvelApp";
			};
			name = Release;
		};
		637CE16628F2FB7D00CDD3B9 /* Debug */ = {
			isa = XCBuildConfiguration;
			buildSettings = {
				ALWAYS_EMBED_SWIFT_STANDARD_LIBRARIES = YES;
				CODE_SIGN_STYLE = Automatic;
				CURRENT_PROJECT_VERSION = 1;
				DEVELOPMENT_TEAM = 4S3BK8K299;
				GENERATE_INFOPLIST_FILE = YES;
				MARKETING_VERSION = 1.0;
				PRODUCT_BUNDLE_IDENTIFIER = com.effectiveband.MarvelAppUITests;
				PRODUCT_NAME = "$(TARGET_NAME)";
				SWIFT_EMIT_LOC_STRINGS = NO;
				SWIFT_VERSION = 5.0;
				TARGETED_DEVICE_FAMILY = "1,2";
				TEST_TARGET_NAME = MarvelApp;
			};
			name = Debug;
		};
		637CE16728F2FB7D00CDD3B9 /* Release */ = {
			isa = XCBuildConfiguration;
			buildSettings = {
				ALWAYS_EMBED_SWIFT_STANDARD_LIBRARIES = YES;
				CODE_SIGN_STYLE = Automatic;
				CURRENT_PROJECT_VERSION = 1;
				DEVELOPMENT_TEAM = 4S3BK8K299;
				GENERATE_INFOPLIST_FILE = YES;
				MARKETING_VERSION = 1.0;
				PRODUCT_BUNDLE_IDENTIFIER = com.effectiveband.MarvelAppUITests;
				PRODUCT_NAME = "$(TARGET_NAME)";
				SWIFT_EMIT_LOC_STRINGS = NO;
				SWIFT_VERSION = 5.0;
				TARGETED_DEVICE_FAMILY = "1,2";
				TEST_TARGET_NAME = MarvelApp;
			};
			name = Release;
		};
/* End XCBuildConfiguration section */

/* Begin XCConfigurationList section */
		637CE13028F2FB7A00CDD3B9 /* Build configuration list for PBXProject "MarvelApp" */ = {
			isa = XCConfigurationList;
			buildConfigurations = (
				637CE15D28F2FB7D00CDD3B9 /* Debug */,
				637CE15E28F2FB7D00CDD3B9 /* Release */,
			);
			defaultConfigurationIsVisible = 0;
			defaultConfigurationName = Release;
		};
		637CE15F28F2FB7D00CDD3B9 /* Build configuration list for PBXNativeTarget "MarvelApp" */ = {
			isa = XCConfigurationList;
			buildConfigurations = (
				637CE16028F2FB7D00CDD3B9 /* Debug */,
				637CE16128F2FB7D00CDD3B9 /* Release */,
			);
			defaultConfigurationIsVisible = 0;
			defaultConfigurationName = Release;
		};
		637CE16228F2FB7D00CDD3B9 /* Build configuration list for PBXNativeTarget "MarvelAppTests" */ = {
			isa = XCConfigurationList;
			buildConfigurations = (
				637CE16328F2FB7D00CDD3B9 /* Debug */,
				637CE16428F2FB7D00CDD3B9 /* Release */,
			);
			defaultConfigurationIsVisible = 0;
			defaultConfigurationName = Release;
		};
		637CE16528F2FB7D00CDD3B9 /* Build configuration list for PBXNativeTarget "MarvelAppUITests" */ = {
			isa = XCConfigurationList;
			buildConfigurations = (
				637CE16628F2FB7D00CDD3B9 /* Debug */,
				637CE16728F2FB7D00CDD3B9 /* Release */,
			);
			defaultConfigurationIsVisible = 0;
			defaultConfigurationName = Release;
		};
/* End XCConfigurationList section */
	};
	rootObject = 637CE12D28F2FB7A00CDD3B9 /* Project object */;
}
